# This file is automatically @generated by Cargo.
# It is not intended for manual editing.
[[package]]
name = "arbitrary"
version = "0.1.1"
source = "registry+https://github.com/rust-lang/crates.io-index"

[[package]]
name = "backtrace"
version = "0.3.11"
source = "registry+https://github.com/rust-lang/crates.io-index"
dependencies = [
 "backtrace-sys 0.1.28 (registry+https://github.com/rust-lang/crates.io-index)",
 "cfg-if 0.1.6 (registry+https://github.com/rust-lang/crates.io-index)",
 "libc 0.2.20 (registry+https://github.com/rust-lang/crates.io-index)",
 "rustc-demangle 0.1.13 (registry+https://github.com/rust-lang/crates.io-index)",
 "winapi 0.3.6 (registry+https://github.com/rust-lang/crates.io-index)",
]

[[package]]
name = "backtrace-sys"
version = "0.1.28"
source = "registry+https://github.com/rust-lang/crates.io-index"
dependencies = [
 "cc 1.0.29 (registry+https://github.com/rust-lang/crates.io-index)",
 "libc 0.2.20 (registry+https://github.com/rust-lang/crates.io-index)",
]

[[package]]
name = "byteorder"
version = "1.0.0"
source = "registry+https://github.com/rust-lang/crates.io-index"

[[package]]
name = "cc"
version = "1.0.29"
source = "registry+https://github.com/rust-lang/crates.io-index"

[[package]]
name = "cfg-if"
version = "0.1.6"
source = "registry+https://github.com/rust-lang/crates.io-index"

[[package]]
name = "failure"
version = "0.1.5"
source = "registry+https://github.com/rust-lang/crates.io-index"
dependencies = [
 "backtrace 0.3.11 (registry+https://github.com/rust-lang/crates.io-index)",
 "failure_derive 0.1.5 (registry+https://github.com/rust-lang/crates.io-index)",
]

[[package]]
name = "failure_derive"
version = "0.1.5"
source = "registry+https://github.com/rust-lang/crates.io-index"
dependencies = [
 "proc-macro2 0.4.27 (registry+https://github.com/rust-lang/crates.io-index)",
 "quote 0.6.11 (registry+https://github.com/rust-lang/crates.io-index)",
 "syn 0.15.26 (registry+https://github.com/rust-lang/crates.io-index)",
 "synstructure 0.10.1 (registry+https://github.com/rust-lang/crates.io-index)",
]

[[package]]
name = "flate2"
version = "0.2.17"
source = "registry+https://github.com/rust-lang/crates.io-index"
dependencies = [
 "libc 0.2.20 (registry+https://github.com/rust-lang/crates.io-index)",
 "miniz-sys 0.1.9 (registry+https://github.com/rust-lang/crates.io-index)",
]

[[package]]
name = "gcc"
version = "0.3.43"
source = "registry+https://github.com/rust-lang/crates.io-index"

[[package]]
name = "git"
version = "0.1.0"
dependencies = [
 "gulp 0.1.0",
 "sha1dc 0.1.0",
 "void 1.0.2",
]

[[package]]
name = "git_delta"
version = "0.1.0"
dependencies = [
 "failure 0.1.5 (registry+https://github.com/rust-lang/crates.io-index)",
 "gulp 0.1.0",
 "safe_shl 1.1.0 (registry+https://github.com/rust-lang/crates.io-index)",
]

[[package]]
name = "git_delta-fuzz"
version = "0.0.1"
dependencies = [
 "git_delta 0.1.0",
 "gulp 0.1.0",
 "libfuzzer-sys 0.1.0 (git+https://github.com/rust-fuzz/libfuzzer-sys.git)",
]

[[package]]
name = "git_pack"
version = "0.1.0"
dependencies = [
 "byteorder 1.0.0 (registry+https://github.com/rust-lang/crates.io-index)",
 "failure 0.1.5 (registry+https://github.com/rust-lang/crates.io-index)",
 "git 0.1.0",
 "gulp 0.1.0",
 "safe_shl 1.1.0 (registry+https://github.com/rust-lang/crates.io-index)",
]

[[package]]
name = "git_pack-fuzz"
version = "0.0.1"
dependencies = [
 "git_pack 0.1.0",
 "gulp 0.1.0",
 "libfuzzer-sys 0.1.0 (git+https://github.com/rust-fuzz/libfuzzer-sys.git)",
]

[[package]]
name = "gulp"
version = "0.1.0"
dependencies = [
 "failure 0.1.5 (registry+https://github.com/rust-lang/crates.io-index)",
 "safe_shl 1.1.0 (registry+https://github.com/rust-lang/crates.io-index)",
 "void 1.0.2",
]

[[package]]
name = "io_at"
version = "0.1.0"
dependencies = [
 "failure 0.1.5 (registry+https://github.com/rust-lang/crates.io-index)",
 "libc 0.2.20 (registry+https://github.com/rust-lang/crates.io-index)",
 "void 1.0.2",
]

[[package]]
name = "libc"
version = "0.2.20"
source = "registry+https://github.com/rust-lang/crates.io-index"

[[package]]
name = "libfuzzer-sys"
version = "0.1.0"
source = "git+https://github.com/rust-fuzz/libfuzzer-sys.git#4a413199b5cb1bbed6a1d157b2342b925f8464ac"
dependencies = [
 "arbitrary 0.1.1 (registry+https://github.com/rust-lang/crates.io-index)",
 "cc 1.0.29 (registry+https://github.com/rust-lang/crates.io-index)",
]

[[package]]
name = "miniz-sys"
version = "0.1.9"
source = "registry+https://github.com/rust-lang/crates.io-index"
dependencies = [
 "gcc 0.3.43 (registry+https://github.com/rust-lang/crates.io-index)",
 "libc 0.2.20 (registry+https://github.com/rust-lang/crates.io-index)",
]

[[package]]
name = "proc-macro2"
version = "0.4.27"
source = "registry+https://github.com/rust-lang/crates.io-index"
dependencies = [
 "unicode-xid 0.1.0 (registry+https://github.com/rust-lang/crates.io-index)",
]

[[package]]
name = "quote"
version = "0.6.11"
source = "registry+https://github.com/rust-lang/crates.io-index"
dependencies = [
 "proc-macro2 0.4.27 (registry+https://github.com/rust-lang/crates.io-index)",
]

[[package]]
name = "rustc-demangle"
version = "0.1.13"
source = "registry+https://github.com/rust-lang/crates.io-index"

[[package]]
name = "safe_shl"
version = "1.1.0"
source = "registry+https://github.com/rust-lang/crates.io-index"

[[package]]
name = "sha1dc"
version = "0.1.0"
dependencies = [
 "cc 1.0.29 (registry+https://github.com/rust-lang/crates.io-index)",
]

[[package]]
name = "syn"
version = "0.15.26"
source = "registry+https://github.com/rust-lang/crates.io-index"
dependencies = [
 "proc-macro2 0.4.27 (registry+https://github.com/rust-lang/crates.io-index)",
 "quote 0.6.11 (registry+https://github.com/rust-lang/crates.io-index)",
 "unicode-xid 0.1.0 (registry+https://github.com/rust-lang/crates.io-index)",
]

[[package]]
name = "synstructure"
version = "0.10.1"
source = "registry+https://github.com/rust-lang/crates.io-index"
dependencies = [
 "proc-macro2 0.4.27 (registry+https://github.com/rust-lang/crates.io-index)",
 "quote 0.6.11 (registry+https://github.com/rust-lang/crates.io-index)",
 "syn 0.15.26 (registry+https://github.com/rust-lang/crates.io-index)",
 "unicode-xid 0.1.0 (registry+https://github.com/rust-lang/crates.io-index)",
]

[[package]]
name = "unicode-xid"
version = "0.1.0"
source = "registry+https://github.com/rust-lang/crates.io-index"

[[package]]
name = "verify"
version = "0.1.0"
dependencies = [
 "flate2 0.2.17 (registry+https://github.com/rust-lang/crates.io-index)",
 "git 0.1.0",
 "git_delta 0.1.0",
 "git_pack 0.1.0",
 "gulp 0.1.0",
]

[[package]]
name = "void"
version = "1.0.2"
dependencies = [
 "failure 0.1.5 (registry+https://github.com/rust-lang/crates.io-index)",
]

[[package]]
name = "winapi"
version = "0.3.6"
source = "registry+https://github.com/rust-lang/crates.io-index"
dependencies = [
 "winapi-i686-pc-windows-gnu 0.4.0 (registry+https://github.com/rust-lang/crates.io-index)",
 "winapi-x86_64-pc-windows-gnu 0.4.0 (registry+https://github.com/rust-lang/crates.io-index)",
]

[[package]]
name = "winapi-i686-pc-windows-gnu"
version = "0.4.0"
source = "registry+https://github.com/rust-lang/crates.io-index"

[[package]]
name = "winapi-x86_64-pc-windows-gnu"
version = "0.4.0"
source = "registry+https://github.com/rust-lang/crates.io-index"

[metadata]
"checksum arbitrary 0.1.1 (registry+https://github.com/rust-lang/crates.io-index)" = "6c7d1523aa3a127adf8b27af2404c03c12825b4c4d0698f01648d63fa9df62ee"
"checksum backtrace 0.3.11 (registry+https://github.com/rust-lang/crates.io-index)" = "18b65ea1161bfb2dd6da6fade5edd4dbd08fba85012123dd333d2fd1b90b2782"
"checksum backtrace-sys 0.1.28 (registry+https://github.com/rust-lang/crates.io-index)" = "797c830ac25ccc92a7f8a7b9862bde440715531514594a6154e3d4a54dd769b6"
"checksum byteorder 1.0.0 (registry+https://github.com/rust-lang/crates.io-index)" = "c40977b0ee6b9885c9013cd41d9feffdd22deb3bb4dc3a71d901cc7a77de18c8"
"checksum cc 1.0.29 (registry+https://github.com/rust-lang/crates.io-index)" = "4390a3b5f4f6bce9c1d0c00128379df433e53777fdd30e92f16a529332baec4e"
"checksum cfg-if 0.1.6 (registry+https://github.com/rust-lang/crates.io-index)" = "082bb9b28e00d3c9d39cc03e64ce4cea0f1bb9b3fde493f0cbc008472d22bdf4"
"checksum failure 0.1.5 (registry+https://github.com/rust-lang/crates.io-index)" = "795bd83d3abeb9220f257e597aa0080a508b27533824adf336529648f6abf7e2"
"checksum failure_derive 0.1.5 (registry+https://github.com/rust-lang/crates.io-index)" = "ea1063915fd7ef4309e222a5a07cf9c319fb9c7836b1f89b85458672dbb127e1"
"checksum flate2 0.2.17 (registry+https://github.com/rust-lang/crates.io-index)" = "d4e4d0c15ef829cbc1b7cda651746be19cceeb238be7b1049227b14891df9e25"
"checksum gcc 0.3.43 (registry+https://github.com/rust-lang/crates.io-index)" = "c07c758b972368e703a562686adb39125707cc1ef3399da8c019fc6c2498a75d"
"checksum libc 0.2.20 (registry+https://github.com/rust-lang/crates.io-index)" = "684f330624d8c3784fb9558ca46c4ce488073a8d22450415c5eb4f4cfb0d11b5"
"checksum libfuzzer-sys 0.1.0 (git+https://github.com/rust-fuzz/libfuzzer-sys.git)" = "<none>"
"checksum miniz-sys 0.1.9 (registry+https://github.com/rust-lang/crates.io-index)" = "28eaee17666671fa872e567547e8428e83308ebe5808cdf6a0e28397dbe2c726"
"checksum proc-macro2 0.4.27 (registry+https://github.com/rust-lang/crates.io-index)" = "4d317f9caece796be1980837fd5cb3dfec5613ebdb04ad0956deea83ce168915"
"checksum quote 0.6.11 (registry+https://github.com/rust-lang/crates.io-index)" = "cdd8e04bd9c52e0342b406469d494fcb033be4bdbe5c606016defbb1681411e1"
"checksum rustc-demangle 0.1.13 (registry+https://github.com/rust-lang/crates.io-index)" = "adacaae16d02b6ec37fdc7acfcddf365978de76d1983d3ee22afc260e1ca9619"
"checksum safe_shl 1.1.0 (registry+https://github.com/rust-lang/crates.io-index)" = "078a49842294800a1b50ab8b99f2ce58e551c05d283edfd64741456f68cc4d45"
"checksum syn 0.15.26 (registry+https://github.com/rust-lang/crates.io-index)" = "f92e629aa1d9c827b2bb8297046c1ccffc57c99b947a680d3ccff1f136a3bee9"
"checksum synstructure 0.10.1 (registry+https://github.com/rust-lang/crates.io-index)" = "73687139bf99285483c96ac0add482c3776528beac1d97d444f6e91f203a2015"
"checksum unicode-xid 0.1.0 (registry+https://github.com/rust-lang/crates.io-index)" = "fc72304796d0818e357ead4e000d19c9c174ab23dc11093ac919054d20a6a7fc"
"checksum winapi 0.3.6 (registry+https://github.com/rust-lang/crates.io-index)" = "92c1eb33641e276cfa214a0522acad57be5c56b10cb348b3c5117db75f3ac4b0"
"checksum winapi-i686-pc-windows-gnu 0.4.0 (registry+https://github.com/rust-lang/crates.io-index)" = "ac3b87c63620426dd9b991e5ce0329eff545bccbbb34f3be09ff6fb6ab51b7b6"
"checksum winapi-x86_64-pc-windows-gnu 0.4.0 (registry+https://github.com/rust-lang/crates.io-index)" = "712e227841d057c1ee1cd2fb22fa7e5a5461ae8e48fa2ca79ec42cfc1931183f"
