# This file is automatically @generated by Cargo.
# It is not intended for manual editing.
[[package]]
name = "arbitrary"
version = "0.1.1"
source = "registry+https://github.com/rust-lang/crates.io-index"

[[package]]
name = "arrayvec"
version = "0.3.20"
source = "registry+https://github.com/rust-lang/crates.io-index"
dependencies = [
 "nodrop 0.1.8 (registry+https://github.com/rust-lang/crates.io-index)",
 "odds 0.2.25 (registry+https://github.com/rust-lang/crates.io-index)",
]

[[package]]
name = "byteorder"
version = "1.0.0"
source = "registry+https://github.com/rust-lang/crates.io-index"

[[package]]
name = "cc"
version = "1.0.29"
source = "registry+https://github.com/rust-lang/crates.io-index"

[[package]]
name = "failure"
version = "0.1.5"
source = "registry+https://github.com/rust-lang/crates.io-index"

[[package]]
name = "flate2"
version = "0.2.17"
source = "registry+https://github.com/rust-lang/crates.io-index"
dependencies = [
 "libc 0.2.20 (registry+https://github.com/rust-lang/crates.io-index)",
 "miniz-sys 0.1.9 (registry+https://github.com/rust-lang/crates.io-index)",
]

[[package]]
name = "gcc"
version = "0.3.43"
source = "registry+https://github.com/rust-lang/crates.io-index"

[[package]]
name = "git"
version = "0.1.0"
dependencies = [
 "gulp 0.1.0",
 "void 1.0.2",
]

[[package]]
name = "git_delta"
version = "0.1.0"
dependencies = [
 "gulp 0.1.0",
 "safe_shl 1.1.0 (registry+https://github.com/rust-lang/crates.io-index)",
]

[[package]]
name = "git_delta-fuzz"
version = "0.0.1"
dependencies = [
 "git_delta 0.1.0",
 "gulp 0.1.0",
 "libfuzzer-sys 0.1.0 (git+https://github.com/rust-fuzz/libfuzzer-sys.git)",
]

[[package]]
name = "git_packfile"
version = "0.1.0"
dependencies = [
 "byteorder 1.0.0 (registry+https://github.com/rust-lang/crates.io-index)",
 "git 0.1.0",
 "gulp 0.1.0",
 "safe_shl 1.1.0 (registry+https://github.com/rust-lang/crates.io-index)",
]

[[package]]
name = "git_packfile-fuzz"
version = "0.0.1"
dependencies = [
 "git_packfile 0.1.0",
 "gulp 0.1.0",
 "libfuzzer-sys 0.1.0 (git+https://github.com/rust-fuzz/libfuzzer-sys.git)",
]

[[package]]
name = "gulp"
version = "0.1.0"
dependencies = [
 "safe_shl 1.1.0 (registry+https://github.com/rust-lang/crates.io-index)",
 "void 1.0.2",
]

[[package]]
name = "hexdump"
version = "0.1.0"
source = "registry+https://github.com/rust-lang/crates.io-index"
dependencies = [
 "arrayvec 0.3.20 (registry+https://github.com/rust-lang/crates.io-index)",
 "itertools 0.4.19 (registry+https://github.com/rust-lang/crates.io-index)",
]

[[package]]
name = "io_at"
version = "0.1.0"
dependencies = [
 "libc 0.2.20 (registry+https://github.com/rust-lang/crates.io-index)",
 "void 1.0.2",
]

[[package]]
name = "itertools"
version = "0.4.19"
source = "registry+https://github.com/rust-lang/crates.io-index"

[[package]]
name = "libc"
version = "0.2.20"
source = "registry+https://github.com/rust-lang/crates.io-index"

[[package]]
name = "libfuzzer-sys"
version = "0.1.0"
source = "git+https://github.com/rust-fuzz/libfuzzer-sys.git#4a413199b5cb1bbed6a1d157b2342b925f8464ac"
dependencies = [
 "arbitrary 0.1.1 (registry+https://github.com/rust-lang/crates.io-index)",
 "cc 1.0.29 (registry+https://github.com/rust-lang/crates.io-index)",
]

[[package]]
name = "miniz-sys"
version = "0.1.9"
source = "registry+https://github.com/rust-lang/crates.io-index"
dependencies = [
 "gcc 0.3.43 (registry+https://github.com/rust-lang/crates.io-index)",
 "libc 0.2.20 (registry+https://github.com/rust-lang/crates.io-index)",
]

[[package]]
name = "nodrop"
version = "0.1.8"
source = "registry+https://github.com/rust-lang/crates.io-index"
dependencies = [
 "odds 0.2.25 (registry+https://github.com/rust-lang/crates.io-index)",
]

[[package]]
name = "odds"
version = "0.2.25"
source = "registry+https://github.com/rust-lang/crates.io-index"

[[package]]
name = "safe_shl"
version = "1.1.0"
source = "registry+https://github.com/rust-lang/crates.io-index"

[[package]]
name = "sha1"
version = "0.2.0"
source = "registry+https://github.com/rust-lang/crates.io-index"

[[package]]
name = "verify"
version = "0.1.0"
dependencies = [
 "flate2 0.2.17 (registry+https://github.com/rust-lang/crates.io-index)",
 "git 0.1.0",
 "git_delta 0.1.0",
 "git_packfile 0.1.0",
 "gulp 0.1.0",
 "hexdump 0.1.0 (registry+https://github.com/rust-lang/crates.io-index)",
 "sha1 0.2.0 (registry+https://github.com/rust-lang/crates.io-index)",
]

[[package]]
name = "void"
version = "1.0.2"
dependencies = [
 "failure 0.1.5 (registry+https://github.com/rust-lang/crates.io-index)",
]

[metadata]
"checksum arbitrary 0.1.1 (registry+https://github.com/rust-lang/crates.io-index)" = "6c7d1523aa3a127adf8b27af2404c03c12825b4c4d0698f01648d63fa9df62ee"
"checksum arrayvec 0.3.20 (registry+https://github.com/rust-lang/crates.io-index)" = "d89f1b0e242270b5b797778af0c8d182a1a2ccac5d8d6fadf414223cc0fab096"
"checksum byteorder 1.0.0 (registry+https://github.com/rust-lang/crates.io-index)" = "c40977b0ee6b9885c9013cd41d9feffdd22deb3bb4dc3a71d901cc7a77de18c8"
"checksum cc 1.0.29 (registry+https://github.com/rust-lang/crates.io-index)" = "4390a3b5f4f6bce9c1d0c00128379df433e53777fdd30e92f16a529332baec4e"
"checksum failure 0.1.5 (registry+https://github.com/rust-lang/crates.io-index)" = "795bd83d3abeb9220f257e597aa0080a508b27533824adf336529648f6abf7e2"
"checksum flate2 0.2.17 (registry+https://github.com/rust-lang/crates.io-index)" = "d4e4d0c15ef829cbc1b7cda651746be19cceeb238be7b1049227b14891df9e25"
"checksum gcc 0.3.43 (registry+https://github.com/rust-lang/crates.io-index)" = "c07c758b972368e703a562686adb39125707cc1ef3399da8c019fc6c2498a75d"
"checksum hexdump 0.1.0 (registry+https://github.com/rust-lang/crates.io-index)" = "850f3f2c33d20c0f96c4485e087dd580ff041d720988ebf4c84a42acf739262b"
"checksum itertools 0.4.19 (registry+https://github.com/rust-lang/crates.io-index)" = "c4a9b56eb56058f43dc66e58f40a214b2ccbc9f3df51861b63d51dec7b65bc3f"
"checksum libc 0.2.20 (registry+https://github.com/rust-lang/crates.io-index)" = "684f330624d8c3784fb9558ca46c4ce488073a8d22450415c5eb4f4cfb0d11b5"
"checksum libfuzzer-sys 0.1.0 (git+https://github.com/rust-fuzz/libfuzzer-sys.git)" = "<none>"
"checksum miniz-sys 0.1.9 (registry+https://github.com/rust-lang/crates.io-index)" = "28eaee17666671fa872e567547e8428e83308ebe5808cdf6a0e28397dbe2c726"
"checksum nodrop 0.1.8 (registry+https://github.com/rust-lang/crates.io-index)" = "0dbbadd3f4c98dea0bd3d9b4be4c0cdaf1ab57035cb2e41fce3983db5add7cc5"
"checksum odds 0.2.25 (registry+https://github.com/rust-lang/crates.io-index)" = "c3df9b730298cea3a1c3faa90b7e2f9df3a9c400d0936d6015e6165734eefcba"
"checksum safe_shl 1.1.0 (registry+https://github.com/rust-lang/crates.io-index)" = "078a49842294800a1b50ab8b99f2ce58e551c05d283edfd64741456f68cc4d45"
"checksum sha1 0.2.0 (registry+https://github.com/rust-lang/crates.io-index)" = "cc30b1e1e8c40c121ca33b86c23308a090d19974ef001b4bf6e61fd1a0fb095c"
